{
  "requires": true,
  "lockfileVersion": 1,
  "dependencies": {
    "rtl-detect": {
      "version": "1.0.2",
      "resolved": "https://registry.npmjs.org/rtl-detect/-/rtl-detect-1.0.2.tgz",
      "integrity": "sha512-5X1422hvphzg2a/bo4tIDbjFjbJUOaPZwqE6dnyyxqwFqfR+tBcvfqapJr0o0VygATVCGKiODEewhZtKF+90AA=="
    }
  }
}
